
Microsoft Visual Studio Solution File, Format Version 12.00
# Visual Studio Version 16
VisualStudioVersion = 16.0.30804.86
MinimumVisualStudioVersion = 10.0.40219.1
Project("{8BC9CEB8-8B4A-11D0-8D11-00A0C91BC942}") = "MyFirstProj", "MyFirstProj\MyFirstProj.vcxproj", "{7545E151-87D5-42CF-A199-9A148FE6BB85}"
EndProject
Global
	GlobalSection(SolutionConfigurationPlatforms) = preSolution
		Debug|x64 = Debug|x64
		Debug|x86 = Debug|x86
		Release|x64 = Release|x64
		Release|x86 = Release|x86
	EndGlobalSection
	GlobalSection(ProjectConfigurationPlatforms) = postSolution
		{7545E151-87D5-42CF-A199-9A148FE6BB85}.Debug|x64.ActiveCfg = Debug|x64
		{7545E151-87D5-42CF-A199-9A148FE6BB85}.Debug|x64.Build.0 = Debug|x64
		{7545E151-87D5-42CF-A199-9A148FE6BB85}.Debug|x86.ActiveCfg = Debug|Win32
		{7545E151-87D5-42CF-A199-9A148FE6BB85}.Debug|x86.Build.0 = Debug|Win32
		{7545E151-87D5-42CF-A199-9A148FE6BB85}.Release|x64.ActiveCfg = Release|x64
		{7545E151-87D5-42CF-A199-9A148FE6BB85}.Release|x64.Build.0 = Release|x64
		{7545E151-87D5-42CF-A199-9A148FE6BB85}.Release|x86.ActiveCfg = Release|Win32
		{7545E151-87D5-42CF-A199-9A148FE6BB85}.Release|x86.Build.0 = Release|Win32
	EndGlobalSection
	GlobalSection(SolutionProperties) = preSolution
		HideSolutionNode = FALSE
	EndGlobalSection
	GlobalSection(ExtensibilityGlobals) = postSolution
		SolutionGuid = {663344B7-91D5-4E2D-9774-375C785CF839}
	EndGlobalSection
EndGlobal
